// !$*UTF8*$!
{
	archiveVersion = 1;
	classes = {
	};
	objectVersion = 46;
	objects = {

/* Begin PBXBuildFile section */
		A3E2C3AB1973FD9C00E6CE3E /* main.swift in Sources */ = {isa = PBXBuildFile; fileRef = A3E2C3AA1973FD9C00E6CE3E /* main.swift */; };
		A3E2C3B21973FE1600E6CE3E /* Tire.swift in Sources */ = {isa = PBXBuildFile; fileRef = A3E2C3B11973FE1600E6CE3E /* Tire.swift */; };
		A3E2C3B41974050B00E6CE3E /* Car.swift in Sources */ = {isa = PBXBuildFile; fileRef = A3E2C3B31974050B00E6CE3E /* Car.swift */; };
		A3E2C3B6197416BA00E6CE3E /* PitStop.swift in Sources */ = {isa = PBXBuildFile; fileRef = A3E2C3B5197416BA00E6CE3E /* PitStop.swift */; };
/* End PBXBuildFile section */

/* Begin PBXCopyFilesBuildPhase section */
		A3E2C3A51973FD9C00E6CE3E /* CopyFiles */ = {
			isa = PBXCopyFilesBuildPhase;
			buildActionMask = 2147483647;
			dstPath = /usr/share/man/man1/;
			dstSubfolderSpec = 0;
			files = (
			);
			runOnlyForDeploymentPostprocessing = 1;
		};
/* End PBXCopyFilesBuildPhase section */

/* Begin PBXFileReference section */
		A3E2C3A71973FD9C00E6CE3E /* Swift_Car */ = {isa = PBXFileReference; explicitFileType = "compiled.mach-o.executable"; includeInIndex = 0; path = Swift_Car; sourceTree = BUILT_PRODUCTS_DIR; };
		A3E2C3AA1973FD9C00E6CE3E /* main.swift */ = {isa = PBXFileReference; lastKnownFileType = sourcecode.swift; path = main.swift; sourceTree = "<group>"; };
		A3E2C3B11973FE1600E6CE3E /* Tire.swift */ = {isa = PBXFileReference; fileEncoding = 4; lastKnownFileType = sourcecode.swift; path = Tire.swift; sourceTree = "<group>"; };
		A3E2C3B31974050B00E6CE3E /* Car.swift */ = {isa = PBXFileReference; fileEncoding = 4; lastKnownFileType = sourcecode.swift; path = Car.swift; sourceTree = "<group>"; };
		A3E2C3B5197416BA00E6CE3E /* PitStop.swift */ = {isa = PBXFileReference; fileEncoding = 4; lastKnownFileType = sourcecode.swift; path = PitStop.swift; sourceTree = "<group>"; };
/* End PBXFileReference section */

/* Begin PBXFrameworksBuildPhase section */
		A3E2C3A41973FD9C00E6CE3E /* Frameworks */ = {
			isa = PBXFrameworksBuildPhase;
			buildActionMask = 2147483647;
			files = (
			);
			runOnlyForDeploymentPostprocessing = 0;
		};
/* End PBXFrameworksBuildPhase section */

/* Begin PBXGroup section */
		A3E2C39E1973FD9C00E6CE3E = {
			isa = PBXGroup;
			children = (
				A3E2C3A91973FD9C00E6CE3E /* Swift_Car */,
				A3E2C3A81973FD9C00E6CE3E /* Products */,
			);
			sourceTree = "<group>";
		};
		A3E2C3A81973FD9C00E6CE3E /* Products */ = {
			isa = PBXGroup;
			children = (
				A3E2C3A71973FD9C00E6CE3E /* Swift_Car */,
			);
			name = Products;
			sourceTree = "<group>";
		};
		A3E2C3A91973FD9C00E6CE3E /* Swift_Car */ = {
			isa = PBXGroup;
			children = (
				A3E2C3AA1973FD9C00E6CE3E /* main.swift */,
				A3E2C3B11973FE1600E6CE3E /* Tire.swift */,
				A3E2C3B31974050B00E6CE3E /* Car.swift */,
				A3E2C3B5197416BA00E6CE3E /* PitStop.swift */,
			);
			path = Swift_Car;
			sourceTree = "<group>";
		};
/* End PBXGroup section */

/* Begin PBXNativeTarget section */
		A3E2C3A61973FD9C00E6CE3E /* Swift_Car */ = {
			isa = PBXNativeTarget;
			buildConfigurationList = A3E2C3AE1973FD9C00E6CE3E /* Build configuration list for PBXNativeTarget "Swift_Car" */;
			buildPhases = (
				A3E2C3A31973FD9C00E6CE3E /* Sources */,
				A3E2C3A41973FD9C00E6CE3E /* Frameworks */,
				A3E2C3A51973FD9C00E6CE3E /* CopyFiles */,
			);
			buildRules = (
			);
			dependencies = (
			);
			name = Swift_Car;
			productName = Swift_Car;
			productReference = A3E2C3A71973FD9C00E6CE3E /* Swift_Car */;
			productType = "com.apple.product-type.tool";
		};
/* End PBXNativeTarget section */

/* Begin PBXProject section */
		A3E2C39F1973FD9C00E6CE3E /* Project object */ = {
			isa = PBXProject;
			attributes = {
				LastSwiftMigration = 0700;
				LastSwiftUpdateCheck = 0700;
				LastUpgradeCheck = 0600;
				ORGANIZATIONNAME = "Aslan Vatsaev";
				TargetAttributes = {
					A3E2C3A61973FD9C00E6CE3E = {
						CreatedOnToolsVersion = 6.0;
					};
				};
			};
			buildConfigurationList = A3E2C3A21973FD9C00E6CE3E /* Build configuration list for PBXProject "Swift_Car" */;
			compatibilityVersion = "Xcode 3.2";
			developmentRegion = English;
			hasScannedForEncodings = 0;
			knownRegions = (
				en,
			);
			mainGroup = A3E2C39E1973FD9C00E6CE3E;
			productRefGroup = A3E2C3A81973FD9C00E6CE3E /* Products */;
			projectDirPath = "";
			projectRoot = "";
			targets = (
				A3E2C3A61973FD9C00E6CE3E /* Swift_Car */,
			);
		};
/* End PBXProject section */

/* Begin PBXSourcesBuildPhase section */
		A3E2C3A31973FD9C00E6CE3E /* Sources */ = {
			isa = PBXSourcesBuildPhase;
			buildActionMask = 2147483647;
			files = (
				A3E2C3AB1973FD9C00E6CE3E /* main.swift in Sources */,
				A3E2C3B21973FE1600E6CE3E /* Tire.swift in Sources */,
				A3E2C3B41974050B00E6CE3E /* Car.swift in Sources */,
				A3E2C3B6197416BA00E6CE3E /* PitStop.swift in Sources */,
			);
			runOnlyForDeploymentPostprocessing = 0;
		};
/* End PBXSourcesBuildPhase section */

/* Begin XCBuildConfiguration section */
		A3E2C3AC1973FD9C00E6CE3E /* Debug */ = {
			isa = XCBuildConfiguration;
			buildSettings = {
				ALWAYS_SEARCH_USER_PATHS = NO;
				CLANG_CXX_LANGUAGE_STANDARD = "gnu++0x";
				CLANG_CXX_LIBRARY = "libc++";
				CLANG_ENABLE_MODULES = YES;
				CLANG_ENABLE_OBJC_ARC = YES;
				CLANG_WARN_BOOL_CONVERSION = YES;
				CLANG_WARN_CONSTANT_CONVERSION = YES;
				CLANG_WARN_DIRECT_OBJC_ISA_USAGE = YES_ERROR;
				CLANG_WARN_EMPTY_BODY = YES;
				CLANG_WARN_ENUM_CONVERSION = YES;
				CLANG_WARN_INT_CONVERSION = YES;
				CLANG_WARN_OBJC_ROOT_CLASS = YES_ERROR;
				CLANG_WARN_UNREACHABLE_CODE = YES;
				CLANG_WARN__DUPLICATE_METHOD_MATCH = YES;
				COPY_PHASE_STRIP = NO;
				ENABLE_STRICT_OBJC_MSGSEND = YES;
				GCC_C_LANGUAGE_STANDARD = gnu99;
				GCC_DYNAMIC_NO_PIC = NO;
				GCC_OPTIMIZATION_LEVEL = 0;
				GCC_PREPROCESSOR_DEFINITIONS = (
					"DEBUG=1",
					"$(inherited)",
				);
				GCC_SYMBOLS_PRIVATE_EXTERN = NO;
				GCC_WARN_64_TO_32_BIT_CONVERSION = YES;
				GCC_WARN_ABOUT_RETURN_TYPE = YES_ERROR;
				GCC_WARN_UNDECLARED_SELECTOR = YES;
				GCC_WARN_UNINITIALIZED_AUTOS = YES_AGGRESSIVE;
				GCC_WARN_UNUSED_FUNCTION = YES;
				GCC_WARN_UNUSED_VARIABLE = YES;
				MACOSX_DEPLOYMENT_TARGET = 10.10;
				METAL_ENABLE_DEBUG_INFO = YES;
				ONLY_ACTIVE_ARCH = YES;
				SDKROOT = macosx;
				SWIFT_OPTIMIZATION_LEVEL = "-Onone";
			};
			name = Debug;
		};
		A3E2C3AD1973FD9C00E6CE3E /* Release */ = {
			isa = XCBuildConfiguration;
			buildSettings = {
				ALWAYS_SEARCH_USER_PATHS = NO;
				CLANG_CXX_LANGUAGE_STANDARD = "gnu++0x";
				CLANG_CXX_LIBRARY = "libc++";
				CLANG_ENABLE_MODULES = YES;
				CLANG_ENABLE_OBJC_ARC = YES;
				CLANG_WARN_BOOL_CONVERSION = YES;
				CLANG_WARN_CONSTANT_CONVERSION = YES;
				CLANG_WARN_DIRECT_OBJC_ISA_USAGE = YES_ERROR;
				CLANG_WARN_EMPTY_BODY = YES;
				CLANG_WARN_ENUM_CONVERSION = YES;
				CLANG_WARN_INT_CONVERSION = YES;
				CLANG_WARN_OBJC_ROOT_CLASS = YES_ERROR;
				CLANG_WARN_UNREACHABLE_CODE = YES;
				CLANG_WARN__DUPLICATE_METHOD_MATCH = YES;
				COPY_PHASE_STRIP = YES;
				DEBUG_INFORMATION_FORMAT = "dwarf-with-dsym";
				ENABLE_NS_ASSERTIONS = NO;
				ENABLE_STRICT_OBJC_MSGSEND = YES;
				GCC_C_LANGUAGE_STANDARD = gnu99;
				GCC_WARN_64_TO_32_BIT_CONVERSION = YES;
				GCC_WARN_ABOUT_RETURN_TYPE = YES_ERROR;
				GCC_WARN_UNDECLARED_SELECTOR = YES;
				GCC_WARN_UNINITIALIZED_AUTOS = YES_AGGRESSIVE;
				GCC_WARN_UNUSED_FUNCTION = YES;
				GCC_WARN_UNUSED_VARIABLE = YES;
				MACOSX_DEPLOYMENT_TARGET = 10.10;
				METAL_ENABLE_DEBUG_INFO = NO;
				SDKROOT = macosx;
			};
			name = Release;
		};
		A3E2C3AF1973FD9C00E6CE3E /* Debug */ = {
			isa = XCBuildConfiguration;
			buildSettings = {
				PRODUCT_NAME = "$(TARGET_NAME)";
			};
			name = Debug;
		};
		A3E2C3B01973FD9C00E6CE3E /* Release */ = {
			isa = XCBuildConfiguration;
			buildSettings = {
				PRODUCT_NAME = "$(TARGET_NAME)";
			};
			name = Release;
		};
/* End XCBuildConfiguration section */

/* Begin XCConfigurationList section */
		A3E2C3A21973FD9C00E6CE3E /* Build configuration list for PBXProject "Swift_Car" */ = {
			isa = XCConfigurationList;
			buildConfigurations = (
				A3E2C3AC1973FD9C00E6CE3E /* Debug */,
				A3E2C3AD1973FD9C00E6CE3E /* Release */,
			);
			defaultConfigurationIsVisible = 0;
			defaultConfigurationName = Release;
		};
		A3E2C3AE1973FD9C00E6CE3E /* Build configuration list for PBXNativeTarget "Swift_Car" */ = {
			isa = XCConfigurationList;
			buildConfigurations = (
				A3E2C3AF1973FD9C00E6CE3E /* Debug */,
				A3E2C3B01973FD9C00E6CE3E /* Release */,
			);
			defaultConfigurationIsVisible = 0;
			defaultConfigurationName = Release;
		};
/* End XCConfigurationList section */
	};
	rootObject = A3E2C39F1973FD9C00E6CE3E /* Project object */;
}
